{
  "name": "global-link-portal",
  "version": "0.1.0",
  "lockfileVersion": 3,
  "requires": true,
  "packages": {
    "": {
      "name": "global-link-portal",
      "version": "0.1.0",
      "dependencies": {
        "@neondatabase/serverless": "^1.0.0"
      },
      "devDependencies": {
        "@electric-sql/pglite": "^0.3.0",
        "lucide-static": "0.460.0"
      },
      "engines": {
        "node": ">=20"
      }
    },
    "node_modules/@electric-sql/pglite": {
      "version": "0.3.16",
      "resolved": "https://registry.npmjs.org/@electric-sql/pglite/-/pglite-0.3.16.tgz",
      "integrity": "sha512-mZkZfOd9OqTMHsK+1cje8OSzfAQcpD7JmILXTl5ahdempjUDdmg4euf1biDex5/LfQIDJ3gvCu6qDgdnDxfJmA==",
      "dev": true,
      "license": "Apache-2.0"
    },
    "node_modules/@neondatabase/serverless": {
      "version": "1.2.0",
      "resolved": "https://registry.npmjs.org/@neondatabase/serverless/-/serverless-1.2.0.tgz",
      "integrity": "sha512-tnaqgixUengZQNd9ZrS3ytQfamJzLKY8QxgqWQTNHHtB+KrFQWk77JTbbpg4RD+J3qE4eO2lVytvGDX5Kj6FdQ==",
      "license": "MIT",
      "engines": {
        "node": ">=19.0.0"
      }
    },
    "node_modules/lucide-static": {
      "version": "0.460.0",
      "resolved": "https://registry.npmjs.org/lucide-static/-/lucide-static-0.460.0.tgz",
      "integrity": "sha512-X6pIdg7jVxv7YQ/uR241hwhNiztcAfmj181TbcX7HCxxk/3mGaRtAc6b2ftUvQBufbJE6ehgyzO2uVsa604tWg==",
      "dev": true,
      "license": "ISC"
    }
  }
}
